
Microsoft Visual Studio Solution File, Format Version 12.00
# Visual Studio 15
VisualStudioVersion = 15.0.28307.168
MinimumVisualStudioVersion = 10.0.40219.1
Project("{FAE04EC0-301F-11D3-BF4B-00C04F79EFBC}") = "Calculator", "Calculator\Calculator.csproj", "{909F31D9-64CF-4EC8-93EF-266C033EEE5C}"
EndProject
Project("{FAE04EC0-301F-11D3-BF4B-00C04F79EFBC}") = "CalculatorTest", "CalculatorTest\CalculatorTest.csproj", "{B49F9D5E-72A9-41B4-B4C7-09A60BC98A2E}"
EndProject
Global
	GlobalSection(SolutionConfigurationPlatforms) = preSolution
		Debug|Any CPU = Debug|Any CPU
		Release|Any CPU = Release|Any CPU
	EndGlobalSection
	GlobalSection(ProjectConfigurationPlatforms) = postSolution
		{909F31D9-64CF-4EC8-93EF-266C033EEE5C}.Debug|Any CPU.ActiveCfg = Debug|Any CPU
		{909F31D9-64CF-4EC8-93EF-266C033EEE5C}.Debug|Any CPU.Build.0 = Debug|Any CPU
		{909F31D9-64CF-4EC8-93EF-266C033EEE5C}.Release|Any CPU.ActiveCfg = Release|Any CPU
		{909F31D9-64CF-4EC8-93EF-266C033EEE5C}.Release|Any CPU.Build.0 = Release|Any CPU
		{B49F9D5E-72A9-41B4-B4C7-09A60BC98A2E}.Debug|Any CPU.ActiveCfg = Debug|Any CPU
		{B49F9D5E-72A9-41B4-B4C7-09A60BC98A2E}.Debug|Any CPU.Build.0 = Debug|Any CPU
		{B49F9D5E-72A9-41B4-B4C7-09A60BC98A2E}.Release|Any CPU.ActiveCfg = Release|Any CPU
		{B49F9D5E-72A9-41B4-B4C7-09A60BC98A2E}.Release|Any CPU.Build.0 = Release|Any CPU
	EndGlobalSection
	GlobalSection(SolutionProperties) = preSolution
		HideSolutionNode = FALSE
	EndGlobalSection
	GlobalSection(ExtensibilityGlobals) = postSolution
		SolutionGuid = {3F0EDA3A-6B65-4592-A683-56096E20BE17}
	EndGlobalSection
EndGlobal
